
Microsoft Visual Studio Solution File, Format Version 12.00
# Visual Studio Version 17
VisualStudioVersion = 17.6.33723.286
MinimumVisualStudioVersion = 10.0.40219.1
Project("{FAE04EC0-301F-11D3-BF4B-00C04F79EFBC}") = "StudLab", "StudLab\StudLab.csproj", "{FA2F5785-88F0-476B-89F9-A957F3BE8FDD}"
EndProject
Global
	GlobalSection(SolutionConfigurationPlatforms) = preSolution
		Debug|Any CPU = Debug|Any CPU
		Release|Any CPU = Release|Any CPU
	EndGlobalSection
	GlobalSection(ProjectConfigurationPlatforms) = postSolution
		{FA2F5785-88F0-476B-89F9-A957F3BE8FDD}.Debug|Any CPU.ActiveCfg = Debug|Any CPU
		{FA2F5785-88F0-476B-89F9-A957F3BE8FDD}.Debug|Any CPU.Build.0 = Debug|Any CPU
		{FA2F5785-88F0-476B-89F9-A957F3BE8FDD}.Release|Any CPU.ActiveCfg = Release|Any CPU
		{FA2F5785-88F0-476B-89F9-A957F3BE8FDD}.Release|Any CPU.Build.0 = Release|Any CPU
	EndGlobalSection
	GlobalSection(SolutionProperties) = preSolution
		HideSolutionNode = FALSE
	EndGlobalSection
	GlobalSection(ExtensibilityGlobals) = postSolution
		SolutionGuid = {016BB731-767D-4FDE-9034-73636E60261A}
	EndGlobalSection
EndGlobal
